
Microsoft Visual Studio Solution File, Format Version 12.00
# Visual Studio Version 17
VisualStudioVersion = 17.13.35931.197 d17.13
MinimumVisualStudioVersion = 10.0.40219.1
Project("{FAE04EC0-301F-11D3-BF4B-00C04F79EFBC}") = "Age Calculator", "Age Calculator.csproj", "{CA905543-12CD-48DD-B93C-1694773EB6DF}"
EndProject
Global
	GlobalSection(SolutionConfigurationPlatforms) = preSolution
		Debug|Any CPU = Debug|Any CPU
		Release|Any CPU = Release|Any CPU
	EndGlobalSection
	GlobalSection(ProjectConfigurationPlatforms) = postSolution
		{CA905543-12CD-48DD-B93C-1694773EB6DF}.Debug|Any CPU.ActiveCfg = Debug|Any CPU
		{CA905543-12CD-48DD-B93C-1694773EB6DF}.Debug|Any CPU.Build.0 = Debug|Any CPU
		{CA905543-12CD-48DD-B93C-1694773EB6DF}.Release|Any CPU.ActiveCfg = Release|Any CPU
		{CA905543-12CD-48DD-B93C-1694773EB6DF}.Release|Any CPU.Build.0 = Release|Any CPU
	EndGlobalSection
	GlobalSection(SolutionProperties) = preSolution
		HideSolutionNode = FALSE
	EndGlobalSection
	GlobalSection(ExtensibilityGlobals) = postSolution
		SolutionGuid = {3B997B50-3132-4A2A-A480-47B6E3C82DC3}
	EndGlobalSection
EndGlobal
